
Microsoft Visual Studio Solution File, Format Version 12.00
# Visual Studio 15
VisualStudioVersion = 15.0.27004.2006
MinimumVisualStudioVersion = 10.0.40219.1
Project("{FAE04EC0-301F-11D3-BF4B-00C04F79EFBC}") = "patterns", "patterns\patterns.csproj", "{35E9A536-B2C6-443C-8B95-5FE5C7569A08}"
EndProject
Global
	GlobalSection(SolutionConfigurationPlatforms) = preSolution
		Debug|Any CPU = Debug|Any CPU
		Release|Any CPU = Release|Any CPU
	EndGlobalSection
	GlobalSection(ProjectConfigurationPlatforms) = postSolution
		{35E9A536-B2C6-443C-8B95-5FE5C7569A08}.Debug|Any CPU.ActiveCfg = Debug|Any CPU
		{35E9A536-B2C6-443C-8B95-5FE5C7569A08}.Debug|Any CPU.Build.0 = Debug|Any CPU
		{35E9A536-B2C6-443C-8B95-5FE5C7569A08}.Release|Any CPU.ActiveCfg = Release|Any CPU
		{35E9A536-B2C6-443C-8B95-5FE5C7569A08}.Release|Any CPU.Build.0 = Release|Any CPU
	EndGlobalSection
	GlobalSection(SolutionProperties) = preSolution
		HideSolutionNode = FALSE
	EndGlobalSection
	GlobalSection(ExtensibilityGlobals) = postSolution
		SolutionGuid = {D17DD956-C383-4427-877B-2002D4786B99}
	EndGlobalSection
EndGlobal
